// !$*UTF8*$!
{
	archiveVersion = 1;
	classes = {
	};
	objectVersion = 46;
	objects = {

/* Begin PBXBuildFile section */
		1D3623260D0F684500981E51 /* SpeakHereAppDelegate.m in Sources */ = {isa = PBXBuildFile; fileRef = 1D3623250D0F684500981E51 /* SpeakHereAppDelegate.m */; };
		1D60589B0D05DD56006BFB54 /* main.m in Sources */ = {isa = PBXBuildFile; fileRef = 29B97316FDCFA39411CA2CEA /* main.m */; };
		1D60589F0D05DD5A006BFB54 /* Foundation.framework in Frameworks */ = {isa = PBXBuildFile; fileRef = 1D30AB110D05D00D00671497 /* Foundation.framework */; };
		1DF5F4E00D08C38300B7A737 /* UIKit.framework in Frameworks */ = {isa = PBXBuildFile; fileRef = 1DF5F4DF0D08C38300B7A737 /* UIKit.framework */; };
		288765A50DF7441C002DB57D /* CoreGraphics.framework in Frameworks */ = {isa = PBXBuildFile; fileRef = 288765A40DF7441C002DB57D /* CoreGraphics.framework */; };
		2899E5220DE3E06400AC0155 /* SpeakHereViewController.xib in Resources */ = {isa = PBXBuildFile; fileRef = 2899E5210DE3E06400AC0155 /* SpeakHereViewController.xib */; };
		28AD733F0D9D9553002E5188 /* MainWindow.xib in Resources */ = {isa = PBXBuildFile; fileRef = 28AD733E0D9D9553002E5188 /* MainWindow.xib */; };
		28D7ACF80DDB3853001CB0EB /* SpeakHereViewController.m in Sources */ = {isa = PBXBuildFile; fileRef = 28D7ACF70DDB3853001CB0EB /* SpeakHereViewController.m */; };
		D9135D9B174AEB9500F72392 /* libz.dylib in Frameworks */ = {isa = PBXBuildFile; fileRef = D9135D9A174AEB9500F72392 /* libz.dylib */; };
		D94A6B3F1330668600A91096 /* icon.png in Resources */ = {isa = PBXBuildFile; fileRef = D94A6B3E1330668600A91096 /* icon.png */; };
		D94A6B42133066A700A91096 /* logo.png in Resources */ = {isa = PBXBuildFile; fileRef = D94A6B40133066A700A91096 /* logo.png */; };
		D9839B7213B6CF7700B3B20C /* LecturePlayerViewController.m in Sources */ = {isa = PBXBuildFile; fileRef = D9839B6F13B6CF7700B3B20C /* LecturePlayerViewController.m */; };
		D9839B7313B6CF7700B3B20C /* Recording.m in Sources */ = {isa = PBXBuildFile; fileRef = D9839B7113B6CF7700B3B20C /* Recording.m */; };
		D9839B7A13B6CF8800B3B20C /* LecturePlayerViewController.xib in Resources */ = {isa = PBXBuildFile; fileRef = D9839B7713B6CF8800B3B20C /* LecturePlayerViewController.xib */; };
		D9839B7E13B6D08600B3B20C /* AVFoundation.framework in Frameworks */ = {isa = PBXBuildFile; fileRef = D9839B7D13B6D08600B3B20C /* AVFoundation.framework */; };
		D9839B8713B6D11D00B3B20C /* RecordingsListViewController.mm in Sources */ = {isa = PBXBuildFile; fileRef = D9839B8513B6D11D00B3B20C /* RecordingsListViewController.mm */; };
		D9839BA013B6DBFD00B3B20C /* textureme@2x.png in Resources */ = {isa = PBXBuildFile; fileRef = D9839B9E13B6DBFD00B3B20C /* textureme@2x.png */; };
		D9839BA113B6DBFD00B3B20C /* textureme.png in Resources */ = {isa = PBXBuildFile; fileRef = D9839B9F13B6DBFD00B3B20C /* textureme.png */; };
		D9839BA413B6DD0B00B3B20C /* stripey.png in Resources */ = {isa = PBXBuildFile; fileRef = D9839BA213B6DD0B00B3B20C /* stripey.png */; };
		D9839BA513B6DD0B00B3B20C /* stripey@2x.png in Resources */ = {isa = PBXBuildFile; fileRef = D9839BA313B6DD0B00B3B20C /* stripey@2x.png */; };
		D9839BA813B6F61A00B3B20C /* button.9.png in Resources */ = {isa = PBXBuildFile; fileRef = D9839BA613B6F61A00B3B20C /* button.9.png */; };
		D9839BA913B6F61A00B3B20C /* buttonpressed.9.png in Resources */ = {isa = PBXBuildFile; fileRef = D9839BA713B6F61A00B3B20C /* buttonpressed.9.png */; };
		D9839BAE13B6FD3A00B3B20C /* eye.png in Resources */ = {isa = PBXBuildFile; fileRef = D9839BAC13B6FD3A00B3B20C /* eye.png */; };
		D9839BAF13B6FD3A00B3B20C /* eye@2x.png in Resources */ = {isa = PBXBuildFile; fileRef = D9839BAD13B6FD3A00B3B20C /* eye@2x.png */; };
		D99639611369F5840059EBEF /* recording.png in Resources */ = {isa = PBXBuildFile; fileRef = D99639601369F5840059EBEF /* recording.png */; };
		D996FC621358F165008DEF59 /* icon@2x.png in Resources */ = {isa = PBXBuildFile; fileRef = D996FC611358F165008DEF59 /* icon@2x.png */; };
		D9A4C6861331583E009A0CB1 /* ASIAuthenticationDialog.m in Sources */ = {isa = PBXBuildFile; fileRef = D9A4C66F1331583E009A0CB1 /* ASIAuthenticationDialog.m */; };
		D9A4C6871331583E009A0CB1 /* ASIDataCompressor.m in Sources */ = {isa = PBXBuildFile; fileRef = D9A4C6721331583E009A0CB1 /* ASIDataCompressor.m */; };
		D9A4C6881331583E009A0CB1 /* ASIDataDecompressor.m in Sources */ = {isa = PBXBuildFile; fileRef = D9A4C6741331583E009A0CB1 /* ASIDataDecompressor.m */; };
		D9A4C6891331583E009A0CB1 /* ASIDownloadCache.m in Sources */ = {isa = PBXBuildFile; fileRef = D9A4C6761331583E009A0CB1 /* ASIDownloadCache.m */; };
		D9A4C68A1331583E009A0CB1 /* ASIFormDataRequest.m in Sources */ = {isa = PBXBuildFile; fileRef = D9A4C6781331583E009A0CB1 /* ASIFormDataRequest.m */; };
		D9A4C68B1331583E009A0CB1 /* ASIHTTPRequest.m in Sources */ = {isa = PBXBuildFile; fileRef = D9A4C67A1331583E009A0CB1 /* ASIHTTPRequest.m */; };
		D9A4C68C1331583E009A0CB1 /* ASIInputStream.m in Sources */ = {isa = PBXBuildFile; fileRef = D9A4C67E1331583E009A0CB1 /* ASIInputStream.m */; };
		D9A4C68D1331583E009A0CB1 /* ASINetworkQueue.m in Sources */ = {isa = PBXBuildFile; fileRef = D9A4C6801331583E009A0CB1 /* ASINetworkQueue.m */; };
		D9A4C68E1331583E009A0CB1 /* Reachability.m in Sources */ = {isa = PBXBuildFile; fileRef = D9A4C6851331583E009A0CB1 /* Reachability.m */; };
		D9A4C69013315908009A0CB1 /* CFNetwork.framework in Frameworks */ = {isa = PBXBuildFile; fileRef = D9A4C68F13315908009A0CB1 /* CFNetwork.framework */; };
		D9A4C6921331591C009A0CB1 /* SystemConfiguration.framework in Frameworks */ = {isa = PBXBuildFile; fileRef = D9A4C6911331591C009A0CB1 /* SystemConfiguration.framework */; };
		D9A4C69413315927009A0CB1 /* MobileCoreServices.framework in Frameworks */ = {isa = PBXBuildFile; fileRef = D9A4C69313315927009A0CB1 /* MobileCoreServices.framework */; };
		D9A85DA11346575D008CF475 /* data.plist in Resources */ = {isa = PBXBuildFile; fileRef = D9A85DA01346575D008CF475 /* data.plist */; };
		D9C3A008174AEE9E0007B2FA /* Default-568h@2x.png in Resources */ = {isa = PBXBuildFile; fileRef = D9C3A007174AEE9E0007B2FA /* Default-568h@2x.png */; };
		D9C7188713579B4D004D1F17 /* about_icon@2x.png in Resources */ = {isa = PBXBuildFile; fileRef = D9C7188313579B4D004D1F17 /* about_icon@2x.png */; };
		D9C7188813579B4D004D1F17 /* about_icon.png in Resources */ = {isa = PBXBuildFile; fileRef = D9C7188513579B4D004D1F17 /* about_icon.png */; };
		D9C718A51357B06A004D1F17 /* 73-radar.png in Resources */ = {isa = PBXBuildFile; fileRef = D9C718A11357B06A004D1F17 /* 73-radar.png */; };
		D9C718A61357B06A004D1F17 /* 126-moon.png in Resources */ = {isa = PBXBuildFile; fileRef = D9C718A31357B06A004D1F17 /* 126-moon.png */; };
		D9FB6E2613327EED00E8A07C /* CoreLocation.framework in Frameworks */ = {isa = PBXBuildFile; fileRef = D9FB6E2513327EEC00E8A07C /* CoreLocation.framework */; };
		D9FB6E321332855C00E8A07C /* CoreLocationController.m in Sources */ = {isa = PBXBuildFile; fileRef = D9FB6E311332855C00E8A07C /* CoreLocationController.m */; };
		F76949C70F40F2AC006C6FBF /* SpeakHereController.mm in Sources */ = {isa = PBXBuildFile; fileRef = F76949C60F40F2AC006C6FBF /* SpeakHereController.mm */; };
		F76949EB0F40F32A006C6FBF /* CADebugMacros.cpp in Sources */ = {isa = PBXBuildFile; fileRef = F76949E10F40F32A006C6FBF /* CADebugMacros.cpp */; };
		F76949EC0F40F32A006C6FBF /* CAStreamBasicDescription.cpp in Sources */ = {isa = PBXBuildFile; fileRef = F76949E40F40F32A006C6FBF /* CAStreamBasicDescription.cpp */; };
		F76949ED0F40F32A006C6FBF /* CAXException.cpp in Sources */ = {isa = PBXBuildFile; fileRef = F76949E60F40F32A006C6FBF /* CAXException.cpp */; };
		F76949F30F40F34D006C6FBF /* AQPlayer.mm in Sources */ = {isa = PBXBuildFile; fileRef = F76949EF0F40F34D006C6FBF /* AQPlayer.mm */; };
		F76949F40F40F34D006C6FBF /* AQRecorder.mm in Sources */ = {isa = PBXBuildFile; fileRef = F76949F00F40F34D006C6FBF /* AQRecorder.mm */; };
		F7694A4F0F40F82A006C6FBF /* AudioToolbox.framework in Frameworks */ = {isa = PBXBuildFile; fileRef = F7694A4C0F40F82A006C6FBF /* AudioToolbox.framework */; };
		F7694A500F40F82A006C6FBF /* CoreFoundation.framework in Frameworks */ = {isa = PBXBuildFile; fileRef = F7694A4D0F40F82A006C6FBF /* CoreFoundation.framework */; };
		F7694A510F40F82A006C6FBF /* OpenGLES.framework in Frameworks */ = {isa = PBXBuildFile; fileRef = F7694A4E0F40F82A006C6FBF /* OpenGLES.framework */; };
		F7694A5A0F40F844006C6FBF /* QuartzCore.framework in Frameworks */ = {isa = PBXBuildFile; fileRef = F7694A590F40F844006C6FBF /* QuartzCore.framework */; };
/* End PBXBuildFile section */

/* Begin PBXFileReference section */
		1D30AB110D05D00D00671497 /* Foundation.framework */ = {isa = PBXFileReference; lastKnownFileType = wrapper.framework; name = Foundation.framework; path = System/Library/Frameworks/Foundation.framework; sourceTree = SDKROOT; };
		1D3623240D0F684500981E51 /* SpeakHereAppDelegate.h */ = {isa = PBXFileReference; fileEncoding = 4; lastKnownFileType = sourcecode.c.h; path = SpeakHereAppDelegate.h; sourceTree = "<group>"; };
		1D3623250D0F684500981E51 /* SpeakHereAppDelegate.m */ = {isa = PBXFileReference; fileEncoding = 4; lastKnownFileType = sourcecode.c.objc; path = SpeakHereAppDelegate.m; sourceTree = "<group>"; };
		1D6058910D05DD3D006BFB54 /* CopRecorder.app */ = {isa = PBXFileReference; explicitFileType = wrapper.application; includeInIndex = 0; path = CopRecorder.app; sourceTree = BUILT_PRODUCTS_DIR; };
		1DF5F4DF0D08C38300B7A737 /* UIKit.framework */ = {isa = PBXFileReference; lastKnownFileType = wrapper.framework; name = UIKit.framework; path = System/Library/Frameworks/UIKit.framework; sourceTree = SDKROOT; };
		288765A40DF7441C002DB57D /* CoreGraphics.framework */ = {isa = PBXFileReference; lastKnownFileType = wrapper.framework; name = CoreGraphics.framework; path = System/Library/Frameworks/CoreGraphics.framework; sourceTree = SDKROOT; };
		2899E5210DE3E06400AC0155 /* SpeakHereViewController.xib */ = {isa = PBXFileReference; lastKnownFileType = file.xib; path = SpeakHereViewController.xib; sourceTree = "<group>"; };
		28AD733E0D9D9553002E5188 /* MainWindow.xib */ = {isa = PBXFileReference; lastKnownFileType = file.xib; path = MainWindow.xib; sourceTree = "<group>"; };
		28D7ACF60DDB3853001CB0EB /* SpeakHereViewController.h */ = {isa = PBXFileReference; fileEncoding = 4; lastKnownFileType = sourcecode.c.h; path = SpeakHereViewController.h; sourceTree = "<group>"; };
		28D7ACF70DDB3853001CB0EB /* SpeakHereViewController.m */ = {isa = PBXFileReference; fileEncoding = 4; lastKnownFileType = sourcecode.c.objc; path = SpeakHereViewController.m; sourceTree = "<group>"; };
		29B97316FDCFA39411CA2CEA /* main.m */ = {isa = PBXFileReference; fileEncoding = 4; lastKnownFileType = sourcecode.c.objc; path = main.m; sourceTree = "<group>"; };
		32CA4F630368D1EE00C91783 /* SpeakHere_Prefix.pch */ = {isa = PBXFileReference; fileEncoding = 4; lastKnownFileType = sourcecode.c.h; path = SpeakHere_Prefix.pch; sourceTree = "<group>"; };
		8D1107310486CEB800E47090 /* Info.plist */ = {isa = PBXFileReference; fileEncoding = 4; lastKnownFileType = text.plist.xml; path = Info.plist; plistStructureDefinitionIdentifier = "com.apple.xcode.plist.structure-definition.iphone.info-plist"; sourceTree = "<group>"; };
		D9135D9A174AEB9500F72392 /* libz.dylib */ = {isa = PBXFileReference; lastKnownFileType = "compiled.mach-o.dylib"; name = libz.dylib; path = usr/lib/libz.dylib; sourceTree = SDKROOT; };
		D94A6B3E1330668600A91096 /* icon.png */ = {isa = PBXFileReference; lastKnownFileType = image.png; path = icon.png; sourceTree = "<group>"; };
		D94A6B41133066A700A91096 /* en */ = {isa = PBXFileReference; lastKnownFileType = image.png; name = en; path = en.lproj/logo.png; sourceTree = "<group>"; };
		D9839B6E13B6CF7700B3B20C /* LecturePlayerViewController.h */ = {isa = PBXFileReference; fileEncoding = 4; lastKnownFileType = sourcecode.c.h; path = LecturePlayerViewController.h; sourceTree = "<group>"; };
		D9839B6F13B6CF7700B3B20C /* LecturePlayerViewController.m */ = {isa = PBXFileReference; fileEncoding = 4; lastKnownFileType = sourcecode.c.objc; path = LecturePlayerViewController.m; sourceTree = "<group>"; };
		D9839B7013B6CF7700B3B20C /* Recording.h */ = {isa = PBXFileReference; fileEncoding = 4; lastKnownFileType = sourcecode.c.h; path = Recording.h; sourceTree = "<group>"; };
		D9839B7113B6CF7700B3B20C /* Recording.m */ = {isa = PBXFileReference; fileEncoding = 4; lastKnownFileType = sourcecode.c.objc; path = Recording.m; sourceTree = "<group>"; };
		D9839B7713B6CF8800B3B20C /* LecturePlayerViewController.xib */ = {isa = PBXFileReference; fileEncoding = 4; lastKnownFileType = file.xib; path = LecturePlayerViewController.xib; sourceTree = "<group>"; };
		D9839B7D13B6D08600B3B20C /* AVFoundation.framework */ = {isa = PBXFileReference; lastKnownFileType = wrapper.framework; name = AVFoundation.framework; path = System/Library/Frameworks/AVFoundation.framework; sourceTree = SDKROOT; };
		D9839B8513B6D11D00B3B20C /* RecordingsListViewController.mm */ = {isa = PBXFileReference; fileEncoding = 4; lastKnownFileType = sourcecode.cpp.objcpp; path = RecordingsListViewController.mm; sourceTree = "<group>"; };
		D9839B8613B6D11D00B3B20C /* RecordingsListViewController.h */ = {isa = PBXFileReference; fileEncoding = 4; lastKnownFileType = sourcecode.c.h; path = RecordingsListViewController.h; sourceTree = "<group>"; };
		D9839B9E13B6DBFD00B3B20C /* textureme@2x.png */ = {isa = PBXFileReference; lastKnownFileType = image.png; path = "textureme@2x.png"; sourceTree = "<group>"; };
		D9839B9F13B6DBFD00B3B20C /* textureme.png */ = {isa = PBXFileReference; lastKnownFileType = image.png; path = textureme.png; sourceTree = "<group>"; };
		D9839BA213B6DD0B00B3B20C /* stripey.png */ = {isa = PBXFileReference; lastKnownFileType = image.png; path = stripey.png; sourceTree = "<group>"; };
		D9839BA313B6DD0B00B3B20C /* stripey@2x.png */ = {isa = PBXFileReference; lastKnownFileType = image.png; path = "stripey@2x.png"; sourceTree = "<group>"; };
		D9839BA613B6F61A00B3B20C /* button.9.png */ = {isa = PBXFileReference; lastKnownFileType = image.png; path = button.9.png; sourceTree = "<group>"; };
		D9839BA713B6F61A00B3B20C /* buttonpressed.9.png */ = {isa = PBXFileReference; lastKnownFileType = image.png; path = buttonpressed.9.png; sourceTree = "<group>"; };
		D9839BAC13B6FD3A00B3B20C /* eye.png */ = {isa = PBXFileReference; lastKnownFileType = image.png; path = eye.png; sourceTree = "<group>"; };
		D9839BAD13B6FD3A00B3B20C /* eye@2x.png */ = {isa = PBXFileReference; lastKnownFileType = image.png; path = "eye@2x.png"; sourceTree = "<group>"; };
		D99639601369F5840059EBEF /* recording.png */ = {isa = PBXFileReference; lastKnownFileType = image.png; name = recording.png; path = en.lproj/recording.png; sourceTree = "<group>"; };
		D996FC5F1358F130008DEF59 /* icon@2x.png */ = {isa = PBXFileReference; lastKnownFileType = image.png; path = "icon@2x.png"; sourceTree = "<group>"; };
		D996FC611358F165008DEF59 /* icon@2x.png */ = {isa = PBXFileReference; lastKnownFileType = image.png; path = "icon@2x.png"; sourceTree = "<group>"; };
		D9A4C66E1331583E009A0CB1 /* ASIAuthenticationDialog.h */ = {isa = PBXFileReference; fileEncoding = 4; lastKnownFileType = sourcecode.c.h; path = ASIAuthenticationDialog.h; sourceTree = "<group>"; };
		D9A4C66F1331583E009A0CB1 /* ASIAuthenticationDialog.m */ = {isa = PBXFileReference; fileEncoding = 4; lastKnownFileType = sourcecode.c.objc; path = ASIAuthenticationDialog.m; sourceTree = "<group>"; };
		D9A4C6701331583E009A0CB1 /* ASICacheDelegate.h */ = {isa = PBXFileReference; fileEncoding = 4; lastKnownFileType = sourcecode.c.h; path = ASICacheDelegate.h; sourceTree = "<group>"; };
		D9A4C6711331583E009A0CB1 /* ASIDataCompressor.h */ = {isa = PBXFileReference; fileEncoding = 4; lastKnownFileType = sourcecode.c.h; path = ASIDataCompressor.h; sourceTree = "<group>"; };
		D9A4C6721331583E009A0CB1 /* ASIDataCompressor.m */ = {isa = PBXFileReference; fileEncoding = 4; lastKnownFileType = sourcecode.c.objc; path = ASIDataCompressor.m; sourceTree = "<group>"; };
		D9A4C6731331583E009A0CB1 /* ASIDataDecompressor.h */ = {isa = PBXFileReference; fileEncoding = 4; lastKnownFileType = sourcecode.c.h; path = ASIDataDecompressor.h; sourceTree = "<group>"; };
		D9A4C6741331583E009A0CB1 /* ASIDataDecompressor.m */ = {isa = PBXFileReference; fileEncoding = 4; lastKnownFileType = sourcecode.c.objc; path = ASIDataDecompressor.m; sourceTree = "<group>"; };
		D9A4C6751331583E009A0CB1 /* ASIDownloadCache.h */ = {isa = PBXFileReference; fileEncoding = 4; lastKnownFileType = sourcecode.c.h; path = ASIDownloadCache.h; sourceTree = "<group>"; };
		D9A4C6761331583E009A0CB1 /* ASIDownloadCache.m */ = {isa = PBXFileReference; fileEncoding = 4; lastKnownFileType = sourcecode.c.objc; path = ASIDownloadCache.m; sourceTree = "<group>"; };
		D9A4C6771331583E009A0CB1 /* ASIFormDataRequest.h */ = {isa = PBXFileReference; fileEncoding = 4; lastKnownFileType = sourcecode.c.h; path = ASIFormDataRequest.h; sourceTree = "<group>"; };
		D9A4C6781331583E009A0CB1 /* ASIFormDataRequest.m */ = {isa = PBXFileReference; fileEncoding = 4; lastKnownFileType = sourcecode.c.objc; path = ASIFormDataRequest.m; sourceTree = "<group>"; };
		D9A4C6791331583E009A0CB1 /* ASIHTTPRequest.h */ = {isa = PBXFileReference; fileEncoding = 4; lastKnownFileType = sourcecode.c.h; path = ASIHTTPRequest.h; sourceTree = "<group>"; };
		D9A4C67A1331583E009A0CB1 /* ASIHTTPRequest.m */ = {isa = PBXFileReference; fileEncoding = 4; lastKnownFileType = sourcecode.c.objc; path = ASIHTTPRequest.m; sourceTree = "<group>"; };
		D9A4C67B1331583E009A0CB1 /* ASIHTTPRequestConfig.h */ = {isa = PBXFileReference; fileEncoding = 4; lastKnownFileType = sourcecode.c.h; path = ASIHTTPRequestConfig.h; sourceTree = "<group>"; };
		D9A4C67C1331583E009A0CB1 /* ASIHTTPRequestDelegate.h */ = {isa = PBXFileReference; fileEncoding = 4; lastKnownFileType = sourcecode.c.h; path = ASIHTTPRequestDelegate.h; sourceTree = "<group>"; };
		D9A4C67D1331583E009A0CB1 /* ASIInputStream.h */ = {isa = PBXFileReference; fileEncoding = 4; lastKnownFileType = sourcecode.c.h; path = ASIInputStream.h; sourceTree = "<group>"; };
		D9A4C67E1331583E009A0CB1 /* ASIInputStream.m */ = {isa = PBXFileReference; fileEncoding = 4; lastKnownFileType = sourcecode.c.objc; path = ASIInputStream.m; sourceTree = "<group>"; };
		D9A4C67F1331583E009A0CB1 /* ASINetworkQueue.h */ = {isa = PBXFileReference; fileEncoding = 4; lastKnownFileType = sourcecode.c.h; path = ASINetworkQueue.h; sourceTree = "<group>"; };
		D9A4C6801331583E009A0CB1 /* ASINetworkQueue.m */ = {isa = PBXFileReference; fileEncoding = 4; lastKnownFileType = sourcecode.c.objc; path = ASINetworkQueue.m; sourceTree = "<group>"; };
		D9A4C6811331583E009A0CB1 /* ASIProgressDelegate.h */ = {isa = PBXFileReference; fileEncoding = 4; lastKnownFileType = sourcecode.c.h; path = ASIProgressDelegate.h; sourceTree = "<group>"; };
		D9A4C6841331583E009A0CB1 /* Reachability.h */ = {isa = PBXFileReference; fileEncoding = 4; lastKnownFileType = sourcecode.c.h; path = Reachability.h; sourceTree = "<group>"; };
		D9A4C6851331583E009A0CB1 /* Reachability.m */ = {isa = PBXFileReference; fileEncoding = 4; lastKnownFileType = sourcecode.c.objc; path = Reachability.m; sourceTree = "<group>"; };
		D9A4C68F13315908009A0CB1 /* CFNetwork.framework */ = {isa = PBXFileReference; lastKnownFileType = wrapper.framework; name = CFNetwork.framework; path = System/Library/Frameworks/CFNetwork.framework; sourceTree = SDKROOT; };
		D9A4C6911331591C009A0CB1 /* SystemConfiguration.framework */ = {isa = PBXFileReference; lastKnownFileType = wrapper.framework; name = SystemConfiguration.framework; path = System/Library/Frameworks/SystemConfiguration.framework; sourceTree = SDKROOT; };
		D9A4C69313315927009A0CB1 /* MobileCoreServices.framework */ = {isa = PBXFileReference; lastKnownFileType = wrapper.framework; name = MobileCoreServices.framework; path = System/Library/Frameworks/MobileCoreServices.framework; sourceTree = SDKROOT; };
		D9A4C69513315933009A0CB1 /* libz.1.2.3.dylib */ = {isa = PBXFileReference; lastKnownFileType = "compiled.mach-o.dylib"; name = libz.1.2.3.dylib; path = usr/lib/libz.1.2.3.dylib; sourceTree = SDKROOT; };
		D9A85DA01346575D008CF475 /* data.plist */ = {isa = PBXFileReference; fileEncoding = 4; lastKnownFileType = text.plist.xml; path = data.plist; sourceTree = "<group>"; };
		D9C3A007174AEE9E0007B2FA /* Default-568h@2x.png */ = {isa = PBXFileReference; lastKnownFileType = image.png; path = "Default-568h@2x.png"; sourceTree = "<group>"; };
		D9C7188413579B4D004D1F17 /* en */ = {isa = PBXFileReference; lastKnownFileType = image.png; name = en; path = "en.lproj/about_icon@2x.png"; sourceTree = "<group>"; };
		D9C7188613579B4D004D1F17 /* en */ = {isa = PBXFileReference; lastKnownFileType = image.png; name = en; path = en.lproj/about_icon.png; sourceTree = "<group>"; };
		D9C718A21357B06A004D1F17 /* en */ = {isa = PBXFileReference; lastKnownFileType = image.png; name = en; path = "en.lproj/73-radar.png"; sourceTree = "<group>"; };
		D9C718A41357B06A004D1F17 /* en */ = {isa = PBXFileReference; lastKnownFileType = image.png; name = en; path = "en.lproj/126-moon.png"; sourceTree = "<group>"; };
		D9FB6E2513327EEC00E8A07C /* CoreLocation.framework */ = {isa = PBXFileReference; lastKnownFileType = wrapper.framework; name = CoreLocation.framework; path = System/Library/Frameworks/CoreLocation.framework; sourceTree = SDKROOT; };
		D9FB6E301332855C00E8A07C /* CoreLocationController.h */ = {isa = PBXFileReference; fileEncoding = 4; lastKnownFileType = sourcecode.c.h; path = CoreLocationController.h; sourceTree = "<group>"; };
		D9FB6E311332855C00E8A07C /* CoreLocationController.m */ = {isa = PBXFileReference; fileEncoding = 4; lastKnownFileType = sourcecode.c.objc; path = CoreLocationController.m; sourceTree = "<group>"; };
		F73FE19D0F743C1900F0F3CC /* ReadMe.txt */ = {isa = PBXFileReference; fileEncoding = 4; lastKnownFileType = text; path = ReadMe.txt; sourceTree = "<group>"; };
		F76949C50F40F2AC006C6FBF /* SpeakHereController.h */ = {isa = PBXFileReference; fileEncoding = 4; lastKnownFileType = sourcecode.c.h; path = SpeakHereController.h; sourceTree = "<group>"; };
		F76949C60F40F2AC006C6FBF /* SpeakHereController.mm */ = {isa = PBXFileReference; fileEncoding = 4; lastKnownFileType = sourcecode.cpp.objcpp; path = SpeakHereController.mm; sourceTree = "<group>"; };
		F76949E10F40F32A006C6FBF /* CADebugMacros.cpp */ = {isa = PBXFileReference; fileEncoding = 4; lastKnownFileType = sourcecode.cpp.cpp; path = CADebugMacros.cpp; sourceTree = "<group>"; };
		F76949E20F40F32A006C6FBF /* CADebugMacros.h */ = {isa = PBXFileReference; fileEncoding = 4; lastKnownFileType = sourcecode.c.h; path = CADebugMacros.h; sourceTree = "<group>"; };
		F76949E30F40F32A006C6FBF /* CAMath.h */ = {isa = PBXFileReference; fileEncoding = 4; lastKnownFileType = sourcecode.c.h; path = CAMath.h; sourceTree = "<group>"; };
		F76949E40F40F32A006C6FBF /* CAStreamBasicDescription.cpp */ = {isa = PBXFileReference; fileEncoding = 4; lastKnownFileType = sourcecode.cpp.cpp; path = CAStreamBasicDescription.cpp; sourceTree = "<group>"; };
		F76949E50F40F32A006C6FBF /* CAStreamBasicDescription.h */ = {isa = PBXFileReference; fileEncoding = 4; lastKnownFileType = sourcecode.c.h; path = CAStreamBasicDescription.h; sourceTree = "<group>"; };
		F76949E60F40F32A006C6FBF /* CAXException.cpp */ = {isa = PBXFileReference; fileEncoding = 4; lastKnownFileType = sourcecode.cpp.cpp; path = CAXException.cpp; sourceTree = "<group>"; };
		F76949E70F40F32A006C6FBF /* CAXException.h */ = {isa = PBXFileReference; fileEncoding = 4; lastKnownFileType = sourcecode.c.h; path = CAXException.h; sourceTree = "<group>"; };
		F76949EF0F40F34D006C6FBF /* AQPlayer.mm */ = {isa = PBXFileReference; fileEncoding = 4; lastKnownFileType = sourcecode.cpp.objcpp; path = AQPlayer.mm; sourceTree = "<group>"; };
		F76949F00F40F34D006C6FBF /* AQRecorder.mm */ = {isa = PBXFileReference; fileEncoding = 4; lastKnownFileType = sourcecode.cpp.objcpp; path = AQRecorder.mm; sourceTree = "<group>"; };
		F76949F10F40F34D006C6FBF /* AQRecorder.h */ = {isa = PBXFileReference; fileEncoding = 4; lastKnownFileType = sourcecode.c.h; path = AQRecorder.h; sourceTree = "<group>"; };
		F76949F20F40F34D006C6FBF /* AQPlayer.h */ = {isa = PBXFileReference; fileEncoding = 4; lastKnownFileType = sourcecode.c.h; path = AQPlayer.h; sourceTree = "<group>"; };
		F7694A4C0F40F82A006C6FBF /* AudioToolbox.framework */ = {isa = PBXFileReference; lastKnownFileType = wrapper.framework; name = AudioToolbox.framework; path = System/Library/Frameworks/AudioToolbox.framework; sourceTree = SDKROOT; };
		F7694A4D0F40F82A006C6FBF /* CoreFoundation.framework */ = {isa = PBXFileReference; lastKnownFileType = wrapper.framework; name = CoreFoundation.framework; path = System/Library/Frameworks/CoreFoundation.framework; sourceTree = SDKROOT; };
		F7694A4E0F40F82A006C6FBF /* OpenGLES.framework */ = {isa = PBXFileReference; lastKnownFileType = wrapper.framework; name = OpenGLES.framework; path = System/Library/Frameworks/OpenGLES.framework; sourceTree = SDKROOT; };
		F7694A590F40F844006C6FBF /* QuartzCore.framework */ = {isa = PBXFileReference; lastKnownFileType = wrapper.framework; name = QuartzCore.framework; path = System/Library/Frameworks/QuartzCore.framework; sourceTree = SDKROOT; };
/* End PBXFileReference section */

/* Begin PBXFrameworksBuildPhase section */
		1D60588F0D05DD3D006BFB54 /* Frameworks */ = {
			isa = PBXFrameworksBuildPhase;
			buildActionMask = 2147483647;
			files = (
				D9135D9B174AEB9500F72392 /* libz.dylib in Frameworks */,
				D9839B7E13B6D08600B3B20C /* AVFoundation.framework in Frameworks */,
				D9FB6E2613327EED00E8A07C /* CoreLocation.framework in Frameworks */,
				D9A4C69413315927009A0CB1 /* MobileCoreServices.framework in Frameworks */,
				D9A4C6921331591C009A0CB1 /* SystemConfiguration.framework in Frameworks */,
				D9A4C69013315908009A0CB1 /* CFNetwork.framework in Frameworks */,
				1D60589F0D05DD5A006BFB54 /* Foundation.framework in Frameworks */,
				1DF5F4E00D08C38300B7A737 /* UIKit.framework in Frameworks */,
				288765A50DF7441C002DB57D /* CoreGraphics.framework in Frameworks */,
				F7694A4F0F40F82A006C6FBF /* AudioToolbox.framework in Frameworks */,
				F7694A500F40F82A006C6FBF /* CoreFoundation.framework in Frameworks */,
				F7694A510F40F82A006C6FBF /* OpenGLES.framework in Frameworks */,
				F7694A5A0F40F844006C6FBF /* QuartzCore.framework in Frameworks */,
			);
			runOnlyForDeploymentPostprocessing = 0;
		};
/* End PBXFrameworksBuildPhase section */

/* Begin PBXGroup section */
		080E96DDFE201D6D7F000001 /* Classes */ = {
			isa = PBXGroup;
			children = (
				F76949EE0F40F337006C6FBF /* Play & Record */,
				F76949C50F40F2AC006C6FBF /* SpeakHereController.h */,
				F76949C60F40F2AC006C6FBF /* SpeakHereController.mm */,
				D9FB6E301332855C00E8A07C /* CoreLocationController.h */,
				D9FB6E311332855C00E8A07C /* CoreLocationController.m */,
				1D3623240D0F684500981E51 /* SpeakHereAppDelegate.h */,
				1D3623250D0F684500981E51 /* SpeakHereAppDelegate.m */,
				28D7ACF60DDB3853001CB0EB /* SpeakHereViewController.h */,
				28D7ACF70DDB3853001CB0EB /* SpeakHereViewController.m */,
			);
			path = Classes;
			sourceTree = "<group>";
		};
		19C28FACFE9D520D11CA2CBB /* Products */ = {
			isa = PBXGroup;
			children = (
				1D6058910D05DD3D006BFB54 /* CopRecorder.app */,
			);
			name = Products;
			sourceTree = "<group>";
		};
		29B97314FDCFA39411CA2CEA /* CustomTemplate */ = {
			isa = PBXGroup;
			children = (
				D9C3A007174AEE9E0007B2FA /* Default-568h@2x.png */,
				D9135D9A174AEB9500F72392 /* libz.dylib */,
				D9839B8513B6D11D00B3B20C /* RecordingsListViewController.mm */,
				D9839B8613B6D11D00B3B20C /* RecordingsListViewController.h */,
				D9839B7D13B6D08600B3B20C /* AVFoundation.framework */,
				D9839B7713B6CF8800B3B20C /* LecturePlayerViewController.xib */,
				D9839B6E13B6CF7700B3B20C /* LecturePlayerViewController.h */,
				D9839B6F13B6CF7700B3B20C /* LecturePlayerViewController.m */,
				D9839B7013B6CF7700B3B20C /* Recording.h */,
				D9839B7113B6CF7700B3B20C /* Recording.m */,
				D9A4C66D1331583E009A0CB1 /* ASIHTTPRequest */,
				D9A4C6821331583E009A0CB1 /* External */,
				F73FE19D0F743C1900F0F3CC /* ReadMe.txt */,
				080E96DDFE201D6D7F000001 /* Classes */,
				F76949E00F40F32A006C6FBF /* iPublicUtility */,
				29B97315FDCFA39411CA2CEA /* Other Sources */,
				29B97317FDCFA39411CA2CEA /* Resources */,
				29B97323FDCFA39411CA2CEA /* Frameworks */,
				19C28FACFE9D520D11CA2CBB /* Products */,
			);
			name = CustomTemplate;
			sourceTree = "<group>";
		};
		29B97315FDCFA39411CA2CEA /* Other Sources */ = {
			isa = PBXGroup;
			children = (
				32CA4F630368D1EE00C91783 /* SpeakHere_Prefix.pch */,
				29B97316FDCFA39411CA2CEA /* main.m */,
			);
			name = "Other Sources";
			sourceTree = "<group>";
		};
		29B97317FDCFA39411CA2CEA /* Resources */ = {
			isa = PBXGroup;
			children = (
				D9839BAC13B6FD3A00B3B20C /* eye.png */,
				D9839BAD13B6FD3A00B3B20C /* eye@2x.png */,
				D9839BA613B6F61A00B3B20C /* button.9.png */,
				D9839BA713B6F61A00B3B20C /* buttonpressed.9.png */,
				D9839BA213B6DD0B00B3B20C /* stripey.png */,
				D9839BA313B6DD0B00B3B20C /* stripey@2x.png */,
				D9839B9E13B6DBFD00B3B20C /* textureme@2x.png */,
				D9839B9F13B6DBFD00B3B20C /* textureme.png */,
				D99639601369F5840059EBEF /* recording.png */,
				D996FC5F1358F130008DEF59 /* icon@2x.png */,
				D9C7188313579B4D004D1F17 /* about_icon@2x.png */,
				D9C7188513579B4D004D1F17 /* about_icon.png */,
				D94A6B40133066A700A91096 /* logo.png */,
				D94A6B3E1330668600A91096 /* icon.png */,
				D996FC611358F165008DEF59 /* icon@2x.png */,
				D9C718A11357B06A004D1F17 /* 73-radar.png */,
				D9C718A31357B06A004D1F17 /* 126-moon.png */,
				2899E5210DE3E06400AC0155 /* SpeakHereViewController.xib */,
				28AD733E0D9D9553002E5188 /* MainWindow.xib */,
				8D1107310486CEB800E47090 /* Info.plist */,
				D9A85DA01346575D008CF475 /* data.plist */,
			);
			name = Resources;
			sourceTree = "<group>";
		};
		29B97323FDCFA39411CA2CEA /* Frameworks */ = {
			isa = PBXGroup;
			children = (
				D9FB6E2513327EEC00E8A07C /* CoreLocation.framework */,
				D9A4C69513315933009A0CB1 /* libz.1.2.3.dylib */,
				D9A4C69313315927009A0CB1 /* MobileCoreServices.framework */,
				D9A4C6911331591C009A0CB1 /* SystemConfiguration.framework */,
				D9A4C68F13315908009A0CB1 /* CFNetwork.framework */,
				F7694A4C0F40F82A006C6FBF /* AudioToolbox.framework */,
				F7694A4D0F40F82A006C6FBF /* CoreFoundation.framework */,
				288765A40DF7441C002DB57D /* CoreGraphics.framework */,
				1D30AB110D05D00D00671497 /* Foundation.framework */,
				F7694A4E0F40F82A006C6FBF /* OpenGLES.framework */,
				F7694A590F40F844006C6FBF /* QuartzCore.framework */,
				1DF5F4DF0D08C38300B7A737 /* UIKit.framework */,
			);
			name = Frameworks;
			sourceTree = "<group>";
		};
		D9A4C66D1331583E009A0CB1 /* ASIHTTPRequest */ = {
			isa = PBXGroup;
			children = (
				D9A4C66E1331583E009A0CB1 /* ASIAuthenticationDialog.h */,
				D9A4C66F1331583E009A0CB1 /* ASIAuthenticationDialog.m */,
				D9A4C6701331583E009A0CB1 /* ASICacheDelegate.h */,
				D9A4C6711331583E009A0CB1 /* ASIDataCompressor.h */,
				D9A4C6721331583E009A0CB1 /* ASIDataCompressor.m */,
				D9A4C6731331583E009A0CB1 /* ASIDataDecompressor.h */,
				D9A4C6741331583E009A0CB1 /* ASIDataDecompressor.m */,
				D9A4C6751331583E009A0CB1 /* ASIDownloadCache.h */,
				D9A4C6761331583E009A0CB1 /* ASIDownloadCache.m */,
				D9A4C6771331583E009A0CB1 /* ASIFormDataRequest.h */,
				D9A4C6781331583E009A0CB1 /* ASIFormDataRequest.m */,
				D9A4C6791331583E009A0CB1 /* ASIHTTPRequest.h */,
				D9A4C67A1331583E009A0CB1 /* ASIHTTPRequest.m */,
				D9A4C67B1331583E009A0CB1 /* ASIHTTPRequestConfig.h */,
				D9A4C67C1331583E009A0CB1 /* ASIHTTPRequestDelegate.h */,
				D9A4C67D1331583E009A0CB1 /* ASIInputStream.h */,
				D9A4C67E1331583E009A0CB1 /* ASIInputStream.m */,
				D9A4C67F1331583E009A0CB1 /* ASINetworkQueue.h */,
				D9A4C6801331583E009A0CB1 /* ASINetworkQueue.m */,
				D9A4C6811331583E009A0CB1 /* ASIProgressDelegate.h */,
			);
			path = ASIHTTPRequest;
			sourceTree = "<group>";
		};
		D9A4C6821331583E009A0CB1 /* External */ = {
			isa = PBXGroup;
			children = (
				D9A4C6831331583E009A0CB1 /* Reachability */,
			);
			path = External;
			sourceTree = "<group>";
		};
		D9A4C6831331583E009A0CB1 /* Reachability */ = {
			isa = PBXGroup;
			children = (
				D9A4C6841331583E009A0CB1 /* Reachability.h */,
				D9A4C6851331583E009A0CB1 /* Reachability.m */,
			);
			path = Reachability;
			sourceTree = "<group>";
		};
		F76949E00F40F32A006C6FBF /* iPublicUtility */ = {
			isa = PBXGroup;
			children = (
				F76949E10F40F32A006C6FBF /* CADebugMacros.cpp */,
				F76949E20F40F32A006C6FBF /* CADebugMacros.h */,
				F76949E30F40F32A006C6FBF /* CAMath.h */,
				F76949E40F40F32A006C6FBF /* CAStreamBasicDescription.cpp */,
				F76949E50F40F32A006C6FBF /* CAStreamBasicDescription.h */,
				F76949E60F40F32A006C6FBF /* CAXException.cpp */,
				F76949E70F40F32A006C6FBF /* CAXException.h */,
			);
			path = iPublicUtility;
			sourceTree = "<group>";
		};
		F76949EE0F40F337006C6FBF /* Play & Record */ = {
			isa = PBXGroup;
			children = (
				F76949EF0F40F34D006C6FBF /* AQPlayer.mm */,
				F76949F00F40F34D006C6FBF /* AQRecorder.mm */,
				F76949F10F40F34D006C6FBF /* AQRecorder.h */,
				F76949F20F40F34D006C6FBF /* AQPlayer.h */,
			);
			name = "Play & Record";
			sourceTree = "<group>";
		};
/* End PBXGroup section */

/* Begin PBXNativeTarget section */
		1D6058900D05DD3D006BFB54 /* Cop Recorder */ = {
			isa = PBXNativeTarget;
			buildConfigurationList = 1D6058960D05DD3E006BFB54 /* Build configuration list for PBXNativeTarget "Cop Recorder" */;
			buildPhases = (
				1D60588D0D05DD3D006BFB54 /* Resources */,
				1D60588E0D05DD3D006BFB54 /* Sources */,
				1D60588F0D05DD3D006BFB54 /* Frameworks */,
			);
			buildRules = (
			);
			dependencies = (
			);
			name = "Cop Recorder";
			productName = SpeakHere;
			productReference = 1D6058910D05DD3D006BFB54 /* CopRecorder.app */;
			productType = "com.apple.product-type.application";
		};
/* End PBXNativeTarget section */

/* Begin PBXProject section */
		29B97313FDCFA39411CA2CEA /* Project object */ = {
			isa = PBXProject;
			attributes = {
				LastUpgradeCheck = 0460;
			};
			buildConfigurationList = C01FCF4E08A954540054247B /* Build configuration list for PBXProject "CopRecorder" */;
			compatibilityVersion = "Xcode 3.2";
			developmentRegion = English;
			hasScannedForEncodings = 1;
			knownRegions = (
				English,
				Japanese,
				French,
				German,
				en,
			);
			mainGroup = 29B97314FDCFA39411CA2CEA /* CustomTemplate */;
			projectDirPath = "";
			projectRoot = "";
			targets = (
				1D6058900D05DD3D006BFB54 /* Cop Recorder */,
			);
		};
/* End PBXProject section */

/* Begin PBXResourcesBuildPhase section */
		1D60588D0D05DD3D006BFB54 /* Resources */ = {
			isa = PBXResourcesBuildPhase;
			buildActionMask = 2147483647;
			files = (
				28AD733F0D9D9553002E5188 /* MainWindow.xib in Resources */,
				2899E5220DE3E06400AC0155 /* SpeakHereViewController.xib in Resources */,
				D94A6B3F1330668600A91096 /* icon.png in Resources */,
				D94A6B42133066A700A91096 /* logo.png in Resources */,
				D9A85DA11346575D008CF475 /* data.plist in Resources */,
				D9C7188713579B4D004D1F17 /* about_icon@2x.png in Resources */,
				D9C7188813579B4D004D1F17 /* about_icon.png in Resources */,
				D9C718A51357B06A004D1F17 /* 73-radar.png in Resources */,
				D9C718A61357B06A004D1F17 /* 126-moon.png in Resources */,
				D996FC621358F165008DEF59 /* icon@2x.png in Resources */,
				D99639611369F5840059EBEF /* recording.png in Resources */,
				D9839B7A13B6CF8800B3B20C /* LecturePlayerViewController.xib in Resources */,
				D9839BA013B6DBFD00B3B20C /* textureme@2x.png in Resources */,
				D9839BA113B6DBFD00B3B20C /* textureme.png in Resources */,
				D9839BA413B6DD0B00B3B20C /* stripey.png in Resources */,
				D9839BA513B6DD0B00B3B20C /* stripey@2x.png in Resources */,
				D9839BA813B6F61A00B3B20C /* button.9.png in Resources */,
				D9839BA913B6F61A00B3B20C /* buttonpressed.9.png in Resources */,
				D9839BAE13B6FD3A00B3B20C /* eye.png in Resources */,
				D9839BAF13B6FD3A00B3B20C /* eye@2x.png in Resources */,
				D9C3A008174AEE9E0007B2FA /* Default-568h@2x.png in Resources */,
			);
			runOnlyForDeploymentPostprocessing = 0;
		};
/* End PBXResourcesBuildPhase section */

/* Begin PBXSourcesBuildPhase section */
		1D60588E0D05DD3D006BFB54 /* Sources */ = {
			isa = PBXSourcesBuildPhase;
			buildActionMask = 2147483647;
			files = (
				1D60589B0D05DD56006BFB54 /* main.m in Sources */,
				1D3623260D0F684500981E51 /* SpeakHereAppDelegate.m in Sources */,
				28D7ACF80DDB3853001CB0EB /* SpeakHereViewController.m in Sources */,
				F76949C70F40F2AC006C6FBF /* SpeakHereController.mm in Sources */,
				F76949EB0F40F32A006C6FBF /* CADebugMacros.cpp in Sources */,
				F76949EC0F40F32A006C6FBF /* CAStreamBasicDescription.cpp in Sources */,
				F76949ED0F40F32A006C6FBF /* CAXException.cpp in Sources */,
				F76949F30F40F34D006C6FBF /* AQPlayer.mm in Sources */,
				F76949F40F40F34D006C6FBF /* AQRecorder.mm in Sources */,
				D9A4C6861331583E009A0CB1 /* ASIAuthenticationDialog.m in Sources */,
				D9A4C6871331583E009A0CB1 /* ASIDataCompressor.m in Sources */,
				D9A4C6881331583E009A0CB1 /* ASIDataDecompressor.m in Sources */,
				D9A4C6891331583E009A0CB1 /* ASIDownloadCache.m in Sources */,
				D9A4C68A1331583E009A0CB1 /* ASIFormDataRequest.m in Sources */,
				D9A4C68B1331583E009A0CB1 /* ASIHTTPRequest.m in Sources */,
				D9A4C68C1331583E009A0CB1 /* ASIInputStream.m in Sources */,
				D9A4C68D1331583E009A0CB1 /* ASINetworkQueue.m in Sources */,
				D9A4C68E1331583E009A0CB1 /* Reachability.m in Sources */,
				D9FB6E321332855C00E8A07C /* CoreLocationController.m in Sources */,
				D9839B7213B6CF7700B3B20C /* LecturePlayerViewController.m in Sources */,
				D9839B7313B6CF7700B3B20C /* Recording.m in Sources */,
				D9839B8713B6D11D00B3B20C /* RecordingsListViewController.mm in Sources */,
			);
			runOnlyForDeploymentPostprocessing = 0;
		};
/* End PBXSourcesBuildPhase section */

/* Begin PBXVariantGroup section */
		D94A6B40133066A700A91096 /* logo.png */ = {
			isa = PBXVariantGroup;
			children = (
				D94A6B41133066A700A91096 /* en */,
			);
			name = logo.png;
			sourceTree = "<group>";
		};
		D9C7188313579B4D004D1F17 /* about_icon@2x.png */ = {
			isa = PBXVariantGroup;
			children = (
				D9C7188413579B4D004D1F17 /* en */,
			);
			name = "about_icon@2x.png";
			sourceTree = "<group>";
		};
		D9C7188513579B4D004D1F17 /* about_icon.png */ = {
			isa = PBXVariantGroup;
			children = (
				D9C7188613579B4D004D1F17 /* en */,
			);
			name = about_icon.png;
			sourceTree = "<group>";
		};
		D9C718A11357B06A004D1F17 /* 73-radar.png */ = {
			isa = PBXVariantGroup;
			children = (
				D9C718A21357B06A004D1F17 /* en */,
			);
			name = "73-radar.png";
			sourceTree = "<group>";
		};
		D9C718A31357B06A004D1F17 /* 126-moon.png */ = {
			isa = PBXVariantGroup;
			children = (
				D9C718A41357B06A004D1F17 /* en */,
			);
			name = "126-moon.png";
			sourceTree = "<group>";
		};
/* End PBXVariantGroup section */

/* Begin XCBuildConfiguration section */
		1D6058940D05DD3E006BFB54 /* Debug */ = {
			isa = XCBuildConfiguration;
			buildSettings = {
				ALWAYS_SEARCH_USER_PATHS = NO;
				CODE_SIGN_IDENTITY = "iPhone Developer";
				COPY_PHASE_STRIP = NO;
				GCC_DYNAMIC_NO_PIC = NO;
				GCC_OPTIMIZATION_LEVEL = 0;
				GCC_PRECOMPILE_PREFIX_HEADER = YES;
				GCC_PREFIX_HEADER = SpeakHere_Prefix.pch;
				GCC_VERSION = com.apple.compilers.llvm.clang.1_0;
				INFOPLIST_FILE = Info.plist;
				IPHONEOS_DEPLOYMENT_TARGET = 3.0;
				OTHER_LDFLAGS = (
					"-weak_library",
					/usr/lib/libSystem.B.dylib,
				);
				PRODUCT_NAME = CopRecorder;
				PROVISIONING_PROFILE = "";
				SDKROOT = iphoneos;
			};
			name = Debug;
		};
		1D6058950D05DD3E006BFB54 /* Release */ = {
			isa = XCBuildConfiguration;
			buildSettings = {
				ALWAYS_SEARCH_USER_PATHS = NO;
				CODE_SIGN_IDENTITY = "iPhone Developer";
				COPY_PHASE_STRIP = YES;
				GCC_PRECOMPILE_PREFIX_HEADER = YES;
				GCC_PREFIX_HEADER = SpeakHere_Prefix.pch;
				GCC_VERSION = com.apple.compilers.llvm.clang.1_0;
				INFOPLIST_FILE = Info.plist;
				IPHONEOS_DEPLOYMENT_TARGET = 3.0;
				OTHER_LDFLAGS = (
					"-weak_library",
					/usr/lib/libSystem.B.dylib,
				);
				PRODUCT_NAME = CopRecorder;
				PROVISIONING_PROFILE = "";
				SDKROOT = iphoneos;
			};
			name = Release;
		};
		C01FCF4F08A954540054247B /* Debug */ = {
			isa = XCBuildConfiguration;
			buildSettings = {
				ARCHS = "$(ARCHS_STANDARD_32_BIT)";
				"CODE_SIGN_IDENTITY[sdk=iphoneos*]" = "iPhone Developer";
				GCC_C_LANGUAGE_STANDARD = c99;
				GCC_WARN_ABOUT_RETURN_TYPE = YES;
				GCC_WARN_UNUSED_VARIABLE = YES;
				ONLY_ACTIVE_ARCH = YES;
				"PROVISIONING_PROFILE[sdk=iphoneos*]" = "";
				SDKROOT = iphoneos;
			};
			name = Debug;
		};
		C01FCF5008A954540054247B /* Release */ = {
			isa = XCBuildConfiguration;
			buildSettings = {
				ARCHS = "$(ARCHS_STANDARD_32_BIT)";
				"CODE_SIGN_IDENTITY[sdk=iphoneos*]" = "iPhone Developer";
				GCC_C_LANGUAGE_STANDARD = c99;
				GCC_WARN_ABOUT_RETURN_TYPE = YES;
				GCC_WARN_UNUSED_VARIABLE = YES;
				"PROVISIONING_PROFILE[sdk=iphoneos*]" = "";
				SDKROOT = iphoneos;
			};
			name = Release;
		};
/* End XCBuildConfiguration section */

/* Begin XCConfigurationList section */
		1D6058960D05DD3E006BFB54 /* Build configuration list for PBXNativeTarget "Cop Recorder" */ = {
			isa = XCConfigurationList;
			buildConfigurations = (
				1D6058940D05DD3E006BFB54 /* Debug */,
				1D6058950D05DD3E006BFB54 /* Release */,
			);
			defaultConfigurationIsVisible = 0;
			defaultConfigurationName = Release;
		};
		C01FCF4E08A954540054247B /* Build configuration list for PBXProject "CopRecorder" */ = {
			isa = XCConfigurationList;
			buildConfigurations = (
				C01FCF4F08A954540054247B /* Debug */,
				C01FCF5008A954540054247B /* Release */,
			);
			defaultConfigurationIsVisible = 0;
			defaultConfigurationName = Release;
		};
/* End XCConfigurationList section */
	};
	rootObject = 29B97313FDCFA39411CA2CEA /* Project object */;
}
